
Microsoft Visual Studio Solution File, Format Version 11.00
# Visual Studio 2010
Project("{FAE04EC0-301F-11D3-BF4B-00C04F79EFBC}") = "UScrollRect", "Assembly-CSharp.csproj", "{019A47BB-8502-1CF9-7993-46037B48BB04}"
EndProject
Project("{FAE04EC0-301F-11D3-BF4B-00C04F79EFBC}") = "UScrollRect", "Assembly-CSharp-Editor.csproj", "{99EFB378-02B1-6B30-A534-4A21F49BD500}"
EndProject
Global
	GlobalSection(SolutionConfigurationPlatforms) = preSolution
		Debug|Any CPU = Debug|Any CPU
		Release|Any CPU = Release|Any CPU
	EndGlobalSection
	GlobalSection(ProjectConfigurationPlatforms) = postSolution
		{019A47BB-8502-1CF9-7993-46037B48BB04}.Debug|Any CPU.ActiveCfg = Debug|Any CPU
		{019A47BB-8502-1CF9-7993-46037B48BB04}.Debug|Any CPU.Build.0 = Debug|Any CPU
		{019A47BB-8502-1CF9-7993-46037B48BB04}.Release|Any CPU.ActiveCfg = Release|Any CPU
		{019A47BB-8502-1CF9-7993-46037B48BB04}.Release|Any CPU.Build.0 = Release|Any CPU
		{99EFB378-02B1-6B30-A534-4A21F49BD500}.Debug|Any CPU.ActiveCfg = Debug|Any CPU
		{99EFB378-02B1-6B30-A534-4A21F49BD500}.Debug|Any CPU.Build.0 = Debug|Any CPU
		{99EFB378-02B1-6B30-A534-4A21F49BD500}.Release|Any CPU.ActiveCfg = Release|Any CPU
		{99EFB378-02B1-6B30-A534-4A21F49BD500}.Release|Any CPU.Build.0 = Release|Any CPU
	EndGlobalSection
	GlobalSection(SolutionProperties) = preSolution
		HideSolutionNode = FALSE
	EndGlobalSection
	GlobalSection(MonoDevelopProperties) = preSolution
		StartupItem = Assembly-CSharp.csproj
	EndGlobalSection
EndGlobal
